// !$*UTF8*$!
{
	archiveVersion = 1;
	classes = {
	};
	objectVersion = 46;
	objects = {

/* Begin PBXBuildFile section */
		17114D281F3D600C00FC9929 /* png.c in Sources */ = {isa = PBXBuildFile; fileRef = 17114D111F3D600C00FC9929 /* png.c */; };
		17114D291F3D600C00FC9929 /* pngerror.c in Sources */ = {isa = PBXBuildFile; fileRef = 17114D151F3D600C00FC9929 /* pngerror.c */; };
		17114D2A1F3D600C00FC9929 /* pngget.c in Sources */ = {isa = PBXBuildFile; fileRef = 17114D161F3D600C00FC9929 /* pngget.c */; };
		17114D2B1F3D600C00FC9929 /* pngmem.c in Sources */ = {isa = PBXBuildFile; fileRef = 17114D191F3D600C00FC9929 /* pngmem.c */; };
		17114D2C1F3D600C00FC9929 /* pngpread.c in Sources */ = {isa = PBXBuildFile; fileRef = 17114D1A1F3D600C00FC9929 /* pngpread.c */; };
		17114D2D1F3D600C00FC9929 /* pngread.c in Sources */ = {isa = PBXBuildFile; fileRef = 17114D1C1F3D600C00FC9929 /* pngread.c */; };
		17114D2E1F3D600C00FC9929 /* pngrio.c in Sources */ = {isa = PBXBuildFile; fileRef = 17114D1D1F3D600C00FC9929 /* pngrio.c */; };
		17114D2F1F3D600C00FC9929 /* pngrtran.c in Sources */ = {isa = PBXBuildFile; fileRef = 17114D1E1F3D600C00FC9929 /* pngrtran.c */; };
		17114D301F3D600C00FC9929 /* pngrutil.c in Sources */ = {isa = PBXBuildFile; fileRef = 17114D1F1F3D600C00FC9929 /* pngrutil.c */; };
		17114D311F3D600C00FC9929 /* pngset.c in Sources */ = {isa = PBXBuildFile; fileRef = 17114D201F3D600C00FC9929 /* pngset.c */; };
		17114D321F3D600C00FC9929 /* pngtest.c in Sources */ = {isa = PBXBuildFile; fileRef = 17114D221F3D600C00FC9929 /* pngtest.c */; };
		17114D331F3D600C00FC9929 /* pngtrans.c in Sources */ = {isa = PBXBuildFile; fileRef = 17114D231F3D600C00FC9929 /* pngtrans.c */; };
		17114D341F3D600C00FC9929 /* pngwio.c in Sources */ = {isa = PBXBuildFile; fileRef = 17114D241F3D600C00FC9929 /* pngwio.c */; };
		17114D351F3D600C00FC9929 /* pngwrite.c in Sources */ = {isa = PBXBuildFile; fileRef = 17114D251F3D600C00FC9929 /* pngwrite.c */; };
		17114D361F3D600C00FC9929 /* pngwtran.c in Sources */ = {isa = PBXBuildFile; fileRef = 17114D261F3D600C00FC9929 /* pngwtran.c */; };
		17114D371F3D600C00FC9929 /* pngwutil.c in Sources */ = {isa = PBXBuildFile; fileRef = 17114D271F3D600C00FC9929 /* pngwutil.c */; };
/* End PBXBuildFile section */

/* Begin PBXCopyFilesBuildPhase section */
		17114D031F3D5FC500FC9929 /* CopyFiles */ = {
			isa = PBXCopyFilesBuildPhase;
			buildActionMask = 2147483647;
			dstPath = "include/$(PRODUCT_NAME)";
			dstSubfolderSpec = 16;
			files = (
			);
			runOnlyForDeploymentPostprocessing = 0;
		};
/* End PBXCopyFilesBuildPhase section */

/* Begin PBXFileReference section */
		17114D051F3D5FC500FC9929 /* libLibPNG.a */ = {isa = PBXFileReference; explicitFileType = archive.ar; includeInIndex = 0; name = libLibPNG.a; path = libpng.a; sourceTree = BUILT_PRODUCTS_DIR; };
		17114D111F3D600C00FC9929 /* png.c */ = {isa = PBXFileReference; fileEncoding = 4; lastKnownFileType = sourcecode.c.c; name = png.c; path = ../Code/png.c; sourceTree = "<group>"; };
		17114D121F3D600C00FC9929 /* png.h */ = {isa = PBXFileReference; fileEncoding = 4; lastKnownFileType = sourcecode.c.h; name = png.h; path = ../Code/png.h; sourceTree = "<group>"; };
		17114D131F3D600C00FC9929 /* pngconf.h */ = {isa = PBXFileReference; fileEncoding = 4; lastKnownFileType = sourcecode.c.h; name = pngconf.h; path = ../Code/pngconf.h; sourceTree = "<group>"; };
		17114D141F3D600C00FC9929 /* pngdebug.h */ = {isa = PBXFileReference; fileEncoding = 4; lastKnownFileType = sourcecode.c.h; name = pngdebug.h; path = ../Code/pngdebug.h; sourceTree = "<group>"; };
		17114D151F3D600C00FC9929 /* pngerror.c */ = {isa = PBXFileReference; fileEncoding = 4; lastKnownFileType = sourcecode.c.c; name = pngerror.c; path = ../Code/pngerror.c; sourceTree = "<group>"; };
		17114D161F3D600C00FC9929 /* pngget.c */ = {isa = PBXFileReference; fileEncoding = 4; lastKnownFileType = sourcecode.c.c; name = pngget.c; path = ../Code/pngget.c; sourceTree = "<group>"; };
		17114D171F3D600C00FC9929 /* pnginfo.h */ = {isa = PBXFileReference; fileEncoding = 4; lastKnownFileType = sourcecode.c.h; name = pnginfo.h; path = ../Code/pnginfo.h; sourceTree = "<group>"; };
		17114D181F3D600C00FC9929 /* pnglibconf.h */ = {isa = PBXFileReference; fileEncoding = 4; lastKnownFileType = sourcecode.c.h; name = pnglibconf.h; path = ../Code/pnglibconf.h; sourceTree = "<group>"; };
		17114D191F3D600C00FC9929 /* pngmem.c */ = {isa = PBXFileReference; fileEncoding = 4; lastKnownFileType = sourcecode.c.c; name = pngmem.c; path = ../Code/pngmem.c; sourceTree = "<group>"; };
		17114D1A1F3D600C00FC9929 /* pngpread.c */ = {isa = PBXFileReference; fileEncoding = 4; lastKnownFileType = sourcecode.c.c; name = pngpread.c; path = ../Code/pngpread.c; sourceTree = "<group>"; };
		17114D1B1F3D600C00FC9929 /* pngpriv.h */ = {isa = PBXFileReference; fileEncoding = 4; lastKnownFileType = sourcecode.c.h; name = pngpriv.h; path = ../Code/pngpriv.h; sourceTree = "<group>"; };
		17114D1C1F3D600C00FC9929 /* pngread.c */ = {isa = PBXFileReference; fileEncoding = 4; lastKnownFileType = sourcecode.c.c; name = pngread.c; path = ../Code/pngread.c; sourceTree = "<group>"; };
		17114D1D1F3D600C00FC9929 /* pngrio.c */ = {isa = PBXFileReference; fileEncoding = 4; lastKnownFileType = sourcecode.c.c; name = pngrio.c; path = ../Code/pngrio.c; sourceTree = "<group>"; };
		17114D1E1F3D600C00FC9929 /* pngrtran.c */ = {isa = PBXFileReference; fileEncoding = 4; lastKnownFileType = sourcecode.c.c; name = pngrtran.c; path = ../Code/pngrtran.c; sourceTree = "<group>"; };
		17114D1F1F3D600C00FC9929 /* pngrutil.c */ = {isa = PBXFileReference; fileEncoding = 4; lastKnownFileType = sourcecode.c.c; name = pngrutil.c; path = ../Code/pngrutil.c; sourceTree = "<group>"; };
		17114D201F3D600C00FC9929 /* pngset.c */ = {isa = PBXFileReference; fileEncoding = 4; lastKnownFileType = sourcecode.c.c; name = pngset.c; path = ../Code/pngset.c; sourceTree = "<group>"; };
		17114D211F3D600C00FC9929 /* pngstruct.h */ = {isa = PBXFileReference; fileEncoding = 4; lastKnownFileType = sourcecode.c.h; name = pngstruct.h; path = ../Code/pngstruct.h; sourceTree = "<group>"; };
		17114D221F3D600C00FC9929 /* pngtest.c */ = {isa = PBXFileReference; fileEncoding = 4; lastKnownFileType = sourcecode.c.c; name = pngtest.c; path = ../Code/pngtest.c; sourceTree = "<group>"; };
		17114D231F3D600C00FC9929 /* pngtrans.c */ = {isa = PBXFileReference; fileEncoding = 4; lastKnownFileType = sourcecode.c.c; name = pngtrans.c; path = ../Code/pngtrans.c; sourceTree = "<group>"; };
		17114D241F3D600C00FC9929 /* pngwio.c */ = {isa = PBXFileReference; fileEncoding = 4; lastKnownFileType = sourcecode.c.c; name = pngwio.c; path = ../Code/pngwio.c; sourceTree = "<group>"; };
		17114D251F3D600C00FC9929 /* pngwrite.c */ = {isa = PBXFileReference; fileEncoding = 4; lastKnownFileType = sourcecode.c.c; name = pngwrite.c; path = ../Code/pngwrite.c; sourceTree = "<group>"; };
		17114D261F3D600C00FC9929 /* pngwtran.c */ = {isa = PBXFileReference; fileEncoding = 4; lastKnownFileType = sourcecode.c.c; name = pngwtran.c; path = ../Code/pngwtran.c; sourceTree = "<group>"; };
		17114D271F3D600C00FC9929 /* pngwutil.c */ = {isa = PBXFileReference; fileEncoding = 4; lastKnownFileType = sourcecode.c.c; name = pngwutil.c; path = ../Code/pngwutil.c; sourceTree = "<group>"; };
/* End PBXFileReference section */

/* Begin PBXFrameworksBuildPhase section */
		17114D021F3D5FC500FC9929 /* Frameworks */ = {
			isa = PBXFrameworksBuildPhase;
			buildActionMask = 2147483647;
			files = (
			);
			runOnlyForDeploymentPostprocessing = 0;
		};
/* End PBXFrameworksBuildPhase section */

/* Begin PBXGroup section */
		17114CFC1F3D5FC500FC9929 = {
			isa = PBXGroup;
			children = (
				17114D111F3D600C00FC9929 /* png.c */,
				17114D121F3D600C00FC9929 /* png.h */,
				17114D131F3D600C00FC9929 /* pngconf.h */,
				17114D141F3D600C00FC9929 /* pngdebug.h */,
				17114D151F3D600C00FC9929 /* pngerror.c */,
				17114D161F3D600C00FC9929 /* pngget.c */,
				17114D171F3D600C00FC9929 /* pnginfo.h */,
				17114D181F3D600C00FC9929 /* pnglibconf.h */,
				17114D191F3D600C00FC9929 /* pngmem.c */,
				17114D1A1F3D600C00FC9929 /* pngpread.c */,
				17114D1B1F3D600C00FC9929 /* pngpriv.h */,
				17114D1C1F3D600C00FC9929 /* pngread.c */,
				17114D1D1F3D600C00FC9929 /* pngrio.c */,
				17114D1E1F3D600C00FC9929 /* pngrtran.c */,
				17114D1F1F3D600C00FC9929 /* pngrutil.c */,
				17114D201F3D600C00FC9929 /* pngset.c */,
				17114D211F3D600C00FC9929 /* pngstruct.h */,
				17114D221F3D600C00FC9929 /* pngtest.c */,
				17114D231F3D600C00FC9929 /* pngtrans.c */,
				17114D241F3D600C00FC9929 /* pngwio.c */,
				17114D251F3D600C00FC9929 /* pngwrite.c */,
				17114D261F3D600C00FC9929 /* pngwtran.c */,
				17114D271F3D600C00FC9929 /* pngwutil.c */,
				17114D061F3D5FC500FC9929 /* Products */,
			);
			sourceTree = "<group>";
		};
		17114D061F3D5FC500FC9929 /* Products */ = {
			isa = PBXGroup;
			children = (
				17114D051F3D5FC500FC9929 /* libLibPNG.a */,
			);
			name = Products;
			sourceTree = "<group>";
		};
/* End PBXGroup section */

/* Begin PBXNativeTarget section */
		17114D041F3D5FC500FC9929 /* LibPNG */ = {
			isa = PBXNativeTarget;
			buildConfigurationList = 17114D0E1F3D5FC500FC9929 /* Build configuration list for PBXNativeTarget "LibPNG" */;
			buildPhases = (
				17114D011F3D5FC500FC9929 /* Sources */,
				17114D021F3D5FC500FC9929 /* Frameworks */,
				17114D031F3D5FC500FC9929 /* CopyFiles */,
			);
			buildRules = (
			);
			dependencies = (
			);
			name = LibPNG;
			productName = LibPNG;
			productReference = 17114D051F3D5FC500FC9929 /* libLibPNG.a */;
			productType = "com.apple.product-type.library.static";
		};
/* End PBXNativeTarget section */

/* Begin PBXProject section */
		17114CFD1F3D5FC500FC9929 /* Project object */ = {
			isa = PBXProject;
			attributes = {
				LastUpgradeCheck = 0830;
				ORGANIZATIONNAME = com.Mojoc;
				TargetAttributes = {
					17114D041F3D5FC500FC9929 = {
						CreatedOnToolsVersion = 8.3.3;
						ProvisioningStyle = Automatic;
					};
				};
			};
			buildConfigurationList = 17114D001F3D5FC500FC9929 /* Build configuration list for PBXProject "LibPng" */;
			compatibilityVersion = "Xcode 3.2";
			developmentRegion = English;
			hasScannedForEncodings = 0;
			knownRegions = (
				English,
				en,
			);
			mainGroup = 17114CFC1F3D5FC500FC9929;
			productRefGroup = 17114D061F3D5FC500FC9929 /* Products */;
			projectDirPath = "";
			projectRoot = "";
			targets = (
				17114D041F3D5FC500FC9929 /* LibPNG */,
			);
		};
/* End PBXProject section */

/* Begin PBXSourcesBuildPhase section */
		17114D011F3D5FC500FC9929 /* Sources */ = {
			isa = PBXSourcesBuildPhase;
			buildActionMask = 2147483647;
			files = (
				17114D331F3D600C00FC9929 /* pngtrans.c in Sources */,
				17114D291F3D600C00FC9929 /* pngerror.c in Sources */,
				17114D2B1F3D600C00FC9929 /* pngmem.c in Sources */,
				17114D351F3D600C00FC9929 /* pngwrite.c in Sources */,
				17114D2E1F3D600C00FC9929 /* pngrio.c in Sources */,
				17114D371F3D600C00FC9929 /* pngwutil.c in Sources */,
				17114D281F3D600C00FC9929 /* png.c in Sources */,
				17114D341F3D600C00FC9929 /* pngwio.c in Sources */,
				17114D321F3D600C00FC9929 /* pngtest.c in Sources */,
				17114D311F3D600C00FC9929 /* pngset.c in Sources */,
				17114D2C1F3D600C00FC9929 /* pngpread.c in Sources */,
				17114D2A1F3D600C00FC9929 /* pngget.c in Sources */,
				17114D2D1F3D600C00FC9929 /* pngread.c in Sources */,
				17114D301F3D600C00FC9929 /* pngrutil.c in Sources */,
				17114D361F3D600C00FC9929 /* pngwtran.c in Sources */,
				17114D2F1F3D600C00FC9929 /* pngrtran.c in Sources */,
			);
			runOnlyForDeploymentPostprocessing = 0;
		};
/* End PBXSourcesBuildPhase section */

/* Begin XCBuildConfiguration section */
		17114D0C1F3D5FC500FC9929 /* Debug */ = {
			isa = XCBuildConfiguration;
			buildSettings = {
				ALWAYS_SEARCH_USER_PATHS = NO;
				CLANG_ANALYZER_NONNULL = YES;
				CLANG_ANALYZER_NUMBER_OBJECT_CONVERSION = YES_AGGRESSIVE;
				CLANG_CXX_LANGUAGE_STANDARD = "gnu++0x";
				CLANG_CXX_LIBRARY = "libc++";
				CLANG_ENABLE_MODULES = YES;
				CLANG_ENABLE_OBJC_ARC = YES;
				CLANG_WARN_BOOL_CONVERSION = YES;
				CLANG_WARN_CONSTANT_CONVERSION = YES;
				CLANG_WARN_DIRECT_OBJC_ISA_USAGE = YES_ERROR;
				CLANG_WARN_DOCUMENTATION_COMMENTS = YES;
				CLANG_WARN_EMPTY_BODY = YES;
				CLANG_WARN_ENUM_CONVERSION = YES;
				CLANG_WARN_INFINITE_RECURSION = YES;
				CLANG_WARN_INT_CONVERSION = YES;
				CLANG_WARN_OBJC_ROOT_CLASS = YES_ERROR;
				CLANG_WARN_SUSPICIOUS_MOVE = YES;
				CLANG_WARN_UNREACHABLE_CODE = YES;
				CLANG_WARN__DUPLICATE_METHOD_MATCH = YES;
				"CODE_SIGN_IDENTITY[sdk=iphoneos*]" = "iPhone Developer";
				CONFIGURATION_BUILD_DIR = "$(SRCROOT)";
				COPY_PHASE_STRIP = NO;
				DEBUG_INFORMATION_FORMAT = dwarf;
				ENABLE_STRICT_OBJC_MSGSEND = YES;
				ENABLE_TESTABILITY = YES;
				GCC_C_LANGUAGE_STANDARD = c99;
				GCC_DYNAMIC_NO_PIC = NO;
				GCC_NO_COMMON_BLOCKS = YES;
				GCC_OPTIMIZATION_LEVEL = fast;
				GCC_PREPROCESSOR_DEFINITIONS = (
					"DEBUG=1",
					"$(inherited)",
				);
				GCC_WARN_64_TO_32_BIT_CONVERSION = YES;
				GCC_WARN_ABOUT_RETURN_TYPE = YES_ERROR;
				GCC_WARN_UNDECLARED_SELECTOR = YES;
				GCC_WARN_UNINITIALIZED_AUTOS = YES_AGGRESSIVE;
				GCC_WARN_UNUSED_FUNCTION = YES;
				GCC_WARN_UNUSED_VARIABLE = YES;
				IPHONEOS_DEPLOYMENT_TARGET = 11.4;
				MTL_ENABLE_DEBUG_INFO = YES;
				ONLY_ACTIVE_ARCH = YES;
				OTHER_CFLAGS = "-DPNG_ARM_NEON_OPT=0";
				SDKROOT = iphoneos;
			};
			name = Debug;
		};
		17114D0D1F3D5FC500FC9929 /* Release */ = {
			isa = XCBuildConfiguration;
			buildSettings = {
				ALWAYS_SEARCH_USER_PATHS = NO;
				CLANG_ANALYZER_NONNULL = YES;
				CLANG_ANALYZER_NUMBER_OBJECT_CONVERSION = YES_AGGRESSIVE;
				CLANG_CXX_LANGUAGE_STANDARD = "gnu++0x";
				CLANG_CXX_LIBRARY = "libc++";
				CLANG_ENABLE_MODULES = YES;
				CLANG_ENABLE_OBJC_ARC = YES;
				CLANG_WARN_BOOL_CONVERSION = YES;
				CLANG_WARN_CONSTANT_CONVERSION = YES;
				CLANG_WARN_DIRECT_OBJC_ISA_USAGE = YES_ERROR;
				CLANG_WARN_DOCUMENTATION_COMMENTS = YES;
				CLANG_WARN_EMPTY_BODY = YES;
				CLANG_WARN_ENUM_CONVERSION = YES;
				CLANG_WARN_INFINITE_RECURSION = YES;
				CLANG_WARN_INT_CONVERSION = YES;
				CLANG_WARN_OBJC_ROOT_CLASS = YES_ERROR;
				CLANG_WARN_SUSPICIOUS_MOVE = YES;
				CLANG_WARN_UNREACHABLE_CODE = YES;
				CLANG_WARN__DUPLICATE_METHOD_MATCH = YES;
				"CODE_SIGN_IDENTITY[sdk=iphoneos*]" = "iPhone Developer";
				CONFIGURATION_BUILD_DIR = "$(SRCROOT)";
				COPY_PHASE_STRIP = NO;
				DEBUG_INFORMATION_FORMAT = "dwarf-with-dsym";
				ENABLE_NS_ASSERTIONS = NO;
				ENABLE_STRICT_OBJC_MSGSEND = YES;
				GCC_C_LANGUAGE_STANDARD = c99;
				GCC_NO_COMMON_BLOCKS = YES;
				GCC_WARN_64_TO_32_BIT_CONVERSION = YES;
				GCC_WARN_ABOUT_RETURN_TYPE = YES_ERROR;
				GCC_WARN_UNDECLARED_SELECTOR = YES;
				GCC_WARN_UNINITIALIZED_AUTOS = YES_AGGRESSIVE;
				GCC_WARN_UNUSED_FUNCTION = YES;
				GCC_WARN_UNUSED_VARIABLE = YES;
				IPHONEOS_DEPLOYMENT_TARGET = 11.4;
				MTL_ENABLE_DEBUG_INFO = NO;
				ONLY_ACTIVE_ARCH = YES;
				OTHER_CFLAGS = "-DPNG_ARM_NEON_OPT=0";
				SDKROOT = iphoneos;
				VALIDATE_PRODUCT = YES;
			};
			name = Release;
		};
		17114D0F1F3D5FC500FC9929 /* Debug */ = {
			isa = XCBuildConfiguration;
			buildSettings = {
				OTHER_LDFLAGS = "-ObjC";
				PRODUCT_NAME = png;
				SKIP_INSTALL = YES;
			};
			name = Debug;
		};
		17114D101F3D5FC500FC9929 /* Release */ = {
			isa = XCBuildConfiguration;
			buildSettings = {
				OTHER_LDFLAGS = "-ObjC";
				PRODUCT_NAME = png;
				SKIP_INSTALL = YES;
			};
			name = Release;
		};
/* End XCBuildConfiguration section */

/* Begin XCConfigurationList section */
		17114D001F3D5FC500FC9929 /* Build configuration list for PBXProject "LibPng" */ = {
			isa = XCConfigurationList;
			buildConfigurations = (
				17114D0C1F3D5FC500FC9929 /* Debug */,
				17114D0D1F3D5FC500FC9929 /* Release */,
			);
			defaultConfigurationIsVisible = 0;
			defaultConfigurationName = Release;
		};
		17114D0E1F3D5FC500FC9929 /* Build configuration list for PBXNativeTarget "LibPNG" */ = {
			isa = XCConfigurationList;
			buildConfigurations = (
				17114D0F1F3D5FC500FC9929 /* Debug */,
				17114D101F3D5FC500FC9929 /* Release */,
			);
			defaultConfigurationIsVisible = 0;
			defaultConfigurationName = Release;
		};
/* End XCConfigurationList section */
	};
	rootObject = 17114CFD1F3D5FC500FC9929 /* Project object */;
}
